{
  "name": "Cerebral",
  "lockfileVersion": 3,
  "requires": true,
  "packages": {
    "": {
      "dependencies": {
        "leeway-sdk": "^1.0.1"
      }
    },
    "node_modules/leeway-sdk": {
      "version": "1.0.1",
      "resolved": "https://registry.npmjs.org/leeway-sdk/-/leeway-sdk-1.0.1.tgz",
      "integrity": "sha512-P7TEWuIa8m9vmAvPm7OWqcUk6QE5QKgT0OgiDY/NLlVxT5UayjgS0yWRZQVH4OxCKXQhVvhDujckSZxVUq+6Bg==",
      "license": "MIT",
      "bin": {
        "leeway": "src/cli/leeway.js"
      },
      "engines": {
        "node": ">=18.0.0"
      }
    }
  }
}
